// !$*UTF8*$!
{
	archiveVersion = 1;
	classes = {
	};
	objectVersion = 56;
	objects = {

/* Begin PBXBuildFile section */
		E815007E2A14D48B00D18B1E /* Article.swift in Sources */ = {isa = PBXBuildFile; fileRef = E815007D2A14D48B00D18B1E /* Article.swift */; };
		E81500882A14D9F400D18B1E /* ArticleRow.swift in Sources */ = {isa = PBXBuildFile; fileRef = E81500872A14D9F400D18B1E /* ArticleRow.swift */; };
		E815008A2A14DA5B00D18B1E /* DataUtils.swift in Sources */ = {isa = PBXBuildFile; fileRef = E81500892A14DA5B00D18B1E /* DataUtils.swift */; };
		E815008C2A14DE0D00D18B1E /* ReadingScreen.swift in Sources */ = {isa = PBXBuildFile; fileRef = E815008B2A14DE0D00D18B1E /* ReadingScreen.swift */; };
		E815008E2A14DF2500D18B1E /* HomeScreen.swift in Sources */ = {isa = PBXBuildFile; fileRef = E815008D2A14DF2500D18B1E /* HomeScreen.swift */; };
		E85AFD6E2A133D5C0025ABBD /* News_SwiftUIApp.swift in Sources */ = {isa = PBXBuildFile; fileRef = E85AFD6D2A133D5C0025ABBD /* News_SwiftUIApp.swift */; };
		E85AFD722A133D5D0025ABBD /* Assets.xcassets in Resources */ = {isa = PBXBuildFile; fileRef = E85AFD712A133D5D0025ABBD /* Assets.xcassets */; };
		E85AFD752A133D5D0025ABBD /* Preview Assets.xcassets in Resources */ = {isa = PBXBuildFile; fileRef = E85AFD742A133D5D0025ABBD /* Preview Assets.xcassets */; };
		E85AFD7F2A133D5D0025ABBD /* News_SwiftUITests.swift in Sources */ = {isa = PBXBuildFile; fileRef = E85AFD7E2A133D5D0025ABBD /* News_SwiftUITests.swift */; };
		E85AFD892A133D5D0025ABBD /* News_SwiftUIUITests.swift in Sources */ = {isa = PBXBuildFile; fileRef = E85AFD882A133D5D0025ABBD /* News_SwiftUIUITests.swift */; };
		E85AFD8B2A133D5D0025ABBD /* News_SwiftUIUITestsLaunchTests.swift in Sources */ = {isa = PBXBuildFile; fileRef = E85AFD8A2A133D5D0025ABBD /* News_SwiftUIUITestsLaunchTests.swift */; };
		E898FAB32A17155A006AF0C5 /* URLSession.swift in Sources */ = {isa = PBXBuildFile; fileRef = E898FAB22A17155A006AF0C5 /* URLSession.swift */; };
		E898FAB52A17164E006AF0C5 /* NetworkUtils.swift in Sources */ = {isa = PBXBuildFile; fileRef = E898FAB42A17164E006AF0C5 /* NetworkUtils.swift */; };
		E898FAB92A171803006AF0C5 /* APIError.swift in Sources */ = {isa = PBXBuildFile; fileRef = E898FAB82A171803006AF0C5 /* APIError.swift */; };
		E898FABB2A172F04006AF0C5 /* NewsDataRepository.swift in Sources */ = {isa = PBXBuildFile; fileRef = E898FABA2A172F04006AF0C5 /* NewsDataRepository.swift */; };
		E898FAC02A176917006AF0C5 /* FetchNewsInteractor.swift in Sources */ = {isa = PBXBuildFile; fileRef = E898FABF2A176917006AF0C5 /* FetchNewsInteractor.swift */; };
		E898FAC22A176BB2006AF0C5 /* News.swift in Sources */ = {isa = PBXBuildFile; fileRef = E898FAC12A176BB2006AF0C5 /* News.swift */; };
		E8A6B2A32A15DE0800F226CF /* HomeViewModel.swift in Sources */ = {isa = PBXBuildFile; fileRef = E8A6B2A22A15DE0800F226CF /* HomeViewModel.swift */; };
		E8A6B2A52A1603DA00F226CF /* FetchNewsUseCase.swift in Sources */ = {isa = PBXBuildFile; fileRef = E8A6B2A42A1603DA00F226CF /* FetchNewsUseCase.swift */; };
		E8A6B2A72A16061400F226CF /* NewsRepository.swift in Sources */ = {isa = PBXBuildFile; fileRef = E8A6B2A62A16061400F226CF /* NewsRepository.swift */; };
/* End PBXBuildFile section */

/* Begin PBXContainerItemProxy section */
		E85AFD7B2A133D5D0025ABBD /* PBXContainerItemProxy */ = {
			isa = PBXContainerItemProxy;
			containerPortal = E85AFD622A133D5C0025ABBD /* Project object */;
			proxyType = 1;
			remoteGlobalIDString = E85AFD692A133D5C0025ABBD;
			remoteInfo = "News-SwiftUI";
		};
		E85AFD852A133D5D0025ABBD /* PBXContainerItemProxy */ = {
			isa = PBXContainerItemProxy;
			containerPortal = E85AFD622A133D5C0025ABBD /* Project object */;
			proxyType = 1;
			remoteGlobalIDString = E85AFD692A133D5C0025ABBD;
			remoteInfo = "News-SwiftUI";
		};
/* End PBXContainerItemProxy section */

/* Begin PBXFileReference section */
		E815007D2A14D48B00D18B1E /* Article.swift */ = {isa = PBXFileReference; lastKnownFileType = sourcecode.swift; path = Article.swift; sourceTree = "<group>"; };
		E81500872A14D9F400D18B1E /* ArticleRow.swift */ = {isa = PBXFileReference; lastKnownFileType = sourcecode.swift; path = ArticleRow.swift; sourceTree = "<group>"; };
		E81500892A14DA5B00D18B1E /* DataUtils.swift */ = {isa = PBXFileReference; lastKnownFileType = sourcecode.swift; path = DataUtils.swift; sourceTree = "<group>"; };
		E815008B2A14DE0D00D18B1E /* ReadingScreen.swift */ = {isa = PBXFileReference; lastKnownFileType = sourcecode.swift; path = ReadingScreen.swift; sourceTree = "<group>"; };
		E815008D2A14DF2500D18B1E /* HomeScreen.swift */ = {isa = PBXFileReference; lastKnownFileType = sourcecode.swift; path = HomeScreen.swift; sourceTree = "<group>"; };
		E85AFD6A2A133D5C0025ABBD /* News-SwiftUI.app */ = {isa = PBXFileReference; explicitFileType = wrapper.application; includeInIndex = 0; path = "News-SwiftUI.app"; sourceTree = BUILT_PRODUCTS_DIR; };
		E85AFD6D2A133D5C0025ABBD /* News_SwiftUIApp.swift */ = {isa = PBXFileReference; lastKnownFileType = sourcecode.swift; path = News_SwiftUIApp.swift; sourceTree = "<group>"; };
		E85AFD712A133D5D0025ABBD /* Assets.xcassets */ = {isa = PBXFileReference; lastKnownFileType = folder.assetcatalog; path = Assets.xcassets; sourceTree = "<group>"; };
		E85AFD742A133D5D0025ABBD /* Preview Assets.xcassets */ = {isa = PBXFileReference; lastKnownFileType = folder.assetcatalog; path = "Preview Assets.xcassets"; sourceTree = "<group>"; };
		E85AFD7A2A133D5D0025ABBD /* News-SwiftUITests.xctest */ = {isa = PBXFileReference; explicitFileType = wrapper.cfbundle; includeInIndex = 0; path = "News-SwiftUITests.xctest"; sourceTree = BUILT_PRODUCTS_DIR; };
		E85AFD7E2A133D5D0025ABBD /* News_SwiftUITests.swift */ = {isa = PBXFileReference; lastKnownFileType = sourcecode.swift; path = News_SwiftUITests.swift; sourceTree = "<group>"; };
		E85AFD842A133D5D0025ABBD /* News-SwiftUIUITests.xctest */ = {isa = PBXFileReference; explicitFileType = wrapper.cfbundle; includeInIndex = 0; path = "News-SwiftUIUITests.xctest"; sourceTree = BUILT_PRODUCTS_DIR; };
		E85AFD882A133D5D0025ABBD /* News_SwiftUIUITests.swift */ = {isa = PBXFileReference; lastKnownFileType = sourcecode.swift; path = News_SwiftUIUITests.swift; sourceTree = "<group>"; };
		E85AFD8A2A133D5D0025ABBD /* News_SwiftUIUITestsLaunchTests.swift */ = {isa = PBXFileReference; lastKnownFileType = sourcecode.swift; path = News_SwiftUIUITestsLaunchTests.swift; sourceTree = "<group>"; };
		E898FAB22A17155A006AF0C5 /* URLSession.swift */ = {isa = PBXFileReference; lastKnownFileType = sourcecode.swift; path = URLSession.swift; sourceTree = "<group>"; };
		E898FAB42A17164E006AF0C5 /* NetworkUtils.swift */ = {isa = PBXFileReference; lastKnownFileType = sourcecode.swift; path = NetworkUtils.swift; sourceTree = "<group>"; };
		E898FAB82A171803006AF0C5 /* APIError.swift */ = {isa = PBXFileReference; lastKnownFileType = sourcecode.swift; path = APIError.swift; sourceTree = "<group>"; };
		E898FABA2A172F04006AF0C5 /* NewsDataRepository.swift */ = {isa = PBXFileReference; lastKnownFileType = sourcecode.swift; path = NewsDataRepository.swift; sourceTree = "<group>"; };
		E898FABF2A176917006AF0C5 /* FetchNewsInteractor.swift */ = {isa = PBXFileReference; lastKnownFileType = sourcecode.swift; path = FetchNewsInteractor.swift; sourceTree = "<group>"; };
		E898FAC12A176BB2006AF0C5 /* News.swift */ = {isa = PBXFileReference; lastKnownFileType = sourcecode.swift; path = News.swift; sourceTree = "<group>"; };
		E8A6B2A22A15DE0800F226CF /* HomeViewModel.swift */ = {isa = PBXFileReference; lastKnownFileType = sourcecode.swift; path = HomeViewModel.swift; sourceTree = "<group>"; };
		E8A6B2A42A1603DA00F226CF /* FetchNewsUseCase.swift */ = {isa = PBXFileReference; lastKnownFileType = sourcecode.swift; path = FetchNewsUseCase.swift; sourceTree = "<group>"; };
		E8A6B2A62A16061400F226CF /* NewsRepository.swift */ = {isa = PBXFileReference; lastKnownFileType = sourcecode.swift; path = NewsRepository.swift; sourceTree = "<group>"; };
/* End PBXFileReference section */

/* Begin PBXFrameworksBuildPhase section */
		E85AFD672A133D5C0025ABBD /* Frameworks */ = {
			isa = PBXFrameworksBuildPhase;
			buildActionMask = 2147483647;
			files = (
			);
			runOnlyForDeploymentPostprocessing = 0;
		};
		E85AFD772A133D5D0025ABBD /* Frameworks */ = {
			isa = PBXFrameworksBuildPhase;
			buildActionMask = 2147483647;
			files = (
			);
			runOnlyForDeploymentPostprocessing = 0;
		};
		E85AFD812A133D5D0025ABBD /* Frameworks */ = {
			isa = PBXFrameworksBuildPhase;
			buildActionMask = 2147483647;
			files = (
			);
			runOnlyForDeploymentPostprocessing = 0;
		};
/* End PBXFrameworksBuildPhase section */

/* Begin PBXGroup section */
		E81500732A14D29A00D18B1E /* Repository */ = {
			isa = PBXGroup;
			children = (
				E898FABA2A172F04006AF0C5 /* NewsDataRepository.swift */,
			);
			path = Repository;
			sourceTree = "<group>";
		};
		E81500742A14D2A300D18B1E /* Local */ = {
			isa = PBXGroup;
			children = (
			);
			path = Local;
			sourceTree = "<group>";
		};
		E81500752A14D2B400D18B1E /* Remote */ = {
			isa = PBXGroup;
			children = (
			);
			path = Remote;
			sourceTree = "<group>";
		};
		E81500762A14D2CA00D18B1E /* Model */ = {
			isa = PBXGroup;
			children = (
				E815007D2A14D48B00D18B1E /* Article.swift */,
				E898FAB82A171803006AF0C5 /* APIError.swift */,
			);
			path = Model;
			sourceTree = "<group>";
		};
		E81500772A14D2DC00D18B1E /* Domain */ = {
			isa = PBXGroup;
			children = (
				E898FABD2A176630006AF0C5 /* Repositories */,
				E898FABC2A176622006AF0C5 /* Entities */,
				E81500792A14D31100D18B1E /* Interactor */,
				E81500782A14D2E600D18B1E /* UseCase */,
			);
			path = Domain;
			sourceTree = "<group>";
		};
		E81500782A14D2E600D18B1E /* UseCase */ = {
			isa = PBXGroup;
			children = (
				E8A6B2A42A1603DA00F226CF /* FetchNewsUseCase.swift */,
			);
			path = UseCase;
			sourceTree = "<group>";
		};
		E81500792A14D31100D18B1E /* Interactor */ = {
			isa = PBXGroup;
			children = (
				E898FABF2A176917006AF0C5 /* FetchNewsInteractor.swift */,
			);
			path = Interactor;
			sourceTree = "<group>";
		};
		E815007A2A14D3D900D18B1E /* Screens */ = {
			isa = PBXGroup;
			children = (
				E81500862A14D97F00D18B1E /* Reading */,
				E81500852A14D97600D18B1E /* Home */,
			);
			path = Screens;
			sourceTree = "<group>";
		};
		E815007B2A14D3E900D18B1E /* Components */ = {
			isa = PBXGroup;
			children = (
			);
			path = Components;
			sourceTree = "<group>";
		};
		E815007C2A14D3FA00D18B1E /* Commons */ = {
			isa = PBXGroup;
			children = (
				E898FAB12A17153C006AF0C5 /* Extension */,
				E898FAB02A171534006AF0C5 /* Utils */,
			);
			path = Commons;
			sourceTree = "<group>";
		};
		E81500852A14D97600D18B1E /* Home */ = {
			isa = PBXGroup;
			children = (
				E81500872A14D9F400D18B1E /* ArticleRow.swift */,
				E815008D2A14DF2500D18B1E /* HomeScreen.swift */,
				E8A6B2A22A15DE0800F226CF /* HomeViewModel.swift */,
			);
			path = Home;
			sourceTree = "<group>";
		};
		E81500862A14D97F00D18B1E /* Reading */ = {
			isa = PBXGroup;
			children = (
				E815008B2A14DE0D00D18B1E /* ReadingScreen.swift */,
			);
			path = Reading;
			sourceTree = "<group>";
		};
		E85AFD612A133D5C0025ABBD = {
			isa = PBXGroup;
			children = (
				E85AFD6C2A133D5C0025ABBD /* News-SwiftUI */,
				E85AFD7D2A133D5D0025ABBD /* News-SwiftUITests */,
				E85AFD872A133D5D0025ABBD /* News-SwiftUIUITests */,
				E85AFD6B2A133D5C0025ABBD /* Products */,
			);
			sourceTree = "<group>";
		};
		E85AFD6B2A133D5C0025ABBD /* Products */ = {
			isa = PBXGroup;
			children = (
				E85AFD6A2A133D5C0025ABBD /* News-SwiftUI.app */,
				E85AFD7A2A133D5D0025ABBD /* News-SwiftUITests.xctest */,
				E85AFD842A133D5D0025ABBD /* News-SwiftUIUITests.xctest */,
			);
			name = Products;
			sourceTree = "<group>";
		};
		E85AFD6C2A133D5C0025ABBD /* News-SwiftUI */ = {
			isa = PBXGroup;
			children = (
				E898FABE2A1766D8006AF0C5 /* Application */,
				E85AFD712A133D5D0025ABBD /* Assets.xcassets */,
				E815007C2A14D3FA00D18B1E /* Commons */,
				E85AFD972A133F2F0025ABBD /* Data */,
				E81500772A14D2DC00D18B1E /* Domain */,
				E85AFD732A133D5D0025ABBD /* Preview Content */,
				E85AFD982A133F3F0025ABBD /* Presentation */,
			);
			path = "News-SwiftUI";
			sourceTree = "<group>";
		};
		E85AFD732A133D5D0025ABBD /* Preview Content */ = {
			isa = PBXGroup;
			children = (
				E85AFD742A133D5D0025ABBD /* Preview Assets.xcassets */,
			);
			path = "Preview Content";
			sourceTree = "<group>";
		};
		E85AFD7D2A133D5D0025ABBD /* News-SwiftUITests */ = {
			isa = PBXGroup;
			children = (
				E85AFD7E2A133D5D0025ABBD /* News_SwiftUITests.swift */,
			);
			path = "News-SwiftUITests";
			sourceTree = "<group>";
		};
		E85AFD872A133D5D0025ABBD /* News-SwiftUIUITests */ = {
			isa = PBXGroup;
			children = (
				E85AFD882A133D5D0025ABBD /* News_SwiftUIUITests.swift */,
				E85AFD8A2A133D5D0025ABBD /* News_SwiftUIUITestsLaunchTests.swift */,
			);
			path = "News-SwiftUIUITests";
			sourceTree = "<group>";
		};
		E85AFD972A133F2F0025ABBD /* Data */ = {
			isa = PBXGroup;
			children = (
				E81500762A14D2CA00D18B1E /* Model */,
				E81500752A14D2B400D18B1E /* Remote */,
				E81500742A14D2A300D18B1E /* Local */,
				E81500732A14D29A00D18B1E /* Repository */,
			);
			path = Data;
			sourceTree = "<group>";
		};
		E85AFD982A133F3F0025ABBD /* Presentation */ = {
			isa = PBXGroup;
			children = (
				E815007B2A14D3E900D18B1E /* Components */,
				E815007A2A14D3D900D18B1E /* Screens */,
			);
			path = Presentation;
			sourceTree = "<group>";
		};
		E898FAB02A171534006AF0C5 /* Utils */ = {
			isa = PBXGroup;
			children = (
				E81500892A14DA5B00D18B1E /* DataUtils.swift */,
				E898FAB42A17164E006AF0C5 /* NetworkUtils.swift */,
			);
			path = Utils;
			sourceTree = "<group>";
		};
		E898FAB12A17153C006AF0C5 /* Extension */ = {
			isa = PBXGroup;
			children = (
				E898FAB22A17155A006AF0C5 /* URLSession.swift */,
			);
			path = Extension;
			sourceTree = "<group>";
		};
		E898FABC2A176622006AF0C5 /* Entities */ = {
			isa = PBXGroup;
			children = (
				E898FAC12A176BB2006AF0C5 /* News.swift */,
			);
			path = Entities;
			sourceTree = "<group>";
		};
		E898FABD2A176630006AF0C5 /* Repositories */ = {
			isa = PBXGroup;
			children = (
				E8A6B2A62A16061400F226CF /* NewsRepository.swift */,
			);
			name = Repositories;
			path = "Repositoríe";
			sourceTree = "<group>";
		};
		E898FABE2A1766D8006AF0C5 /* Application */ = {
			isa = PBXGroup;
			children = (
				E85AFD6D2A133D5C0025ABBD /* News_SwiftUIApp.swift */,
			);
			path = Application;
			sourceTree = "<group>";
		};
/* End PBXGroup section */

/* Begin PBXNativeTarget section */
		E85AFD692A133D5C0025ABBD /* News-SwiftUI */ = {
			isa = PBXNativeTarget;
			buildConfigurationList = E85AFD8E2A133D5D0025ABBD /* Build configuration list for PBXNativeTarget "News-SwiftUI" */;
			buildPhases = (
				E85AFD662A133D5C0025ABBD /* Sources */,
				E85AFD672A133D5C0025ABBD /* Frameworks */,
				E85AFD682A133D5C0025ABBD /* Resources */,
			);
			buildRules = (
			);
			dependencies = (
			);
			name = "News-SwiftUI";
			productName = "News-SwiftUI";
			productReference = E85AFD6A2A133D5C0025ABBD /* News-SwiftUI.app */;
			productType = "com.apple.product-type.application";
		};
		E85AFD792A133D5D0025ABBD /* News-SwiftUITests */ = {
			isa = PBXNativeTarget;
			buildConfigurationList = E85AFD912A133D5D0025ABBD /* Build configuration list for PBXNativeTarget "News-SwiftUITests" */;
			buildPhases = (
				E85AFD762A133D5D0025ABBD /* Sources */,
				E85AFD772A133D5D0025ABBD /* Frameworks */,
				E85AFD782A133D5D0025ABBD /* Resources */,
			);
			buildRules = (
			);
			dependencies = (
				E85AFD7C2A133D5D0025ABBD /* PBXTargetDependency */,
			);
			name = "News-SwiftUITests";
			productName = "News-SwiftUITests";
			productReference = E85AFD7A2A133D5D0025ABBD /* News-SwiftUITests.xctest */;
			productType = "com.apple.product-type.bundle.unit-test";
		};
		E85AFD832A133D5D0025ABBD /* News-SwiftUIUITests */ = {
			isa = PBXNativeTarget;
			buildConfigurationList = E85AFD942A133D5D0025ABBD /* Build configuration list for PBXNativeTarget "News-SwiftUIUITests" */;
			buildPhases = (
				E85AFD802A133D5D0025ABBD /* Sources */,
				E85AFD812A133D5D0025ABBD /* Frameworks */,
				E85AFD822A133D5D0025ABBD /* Resources */,
			);
			buildRules = (
			);
			dependencies = (
				E85AFD862A133D5D0025ABBD /* PBXTargetDependency */,
			);
			name = "News-SwiftUIUITests";
			productName = "News-SwiftUIUITests";
			productReference = E85AFD842A133D5D0025ABBD /* News-SwiftUIUITests.xctest */;
			productType = "com.apple.product-type.bundle.ui-testing";
		};
/* End PBXNativeTarget section */

/* Begin PBXProject section */
		E85AFD622A133D5C0025ABBD /* Project object */ = {
			isa = PBXProject;
			attributes = {
				BuildIndependentTargetsInParallel = 1;
				LastSwiftUpdateCheck = 1430;
				LastUpgradeCheck = 1430;
				TargetAttributes = {
					E85AFD692A133D5C0025ABBD = {
						CreatedOnToolsVersion = 14.3;
					};
					E85AFD792A133D5D0025ABBD = {
						CreatedOnToolsVersion = 14.3;
						TestTargetID = E85AFD692A133D5C0025ABBD;
					};
					E85AFD832A133D5D0025ABBD = {
						CreatedOnToolsVersion = 14.3;
						TestTargetID = E85AFD692A133D5C0025ABBD;
					};
				};
			};
			buildConfigurationList = E85AFD652A133D5C0025ABBD /* Build configuration list for PBXProject "News-SwiftUI" */;
			compatibilityVersion = "Xcode 14.0";
			developmentRegion = en;
			hasScannedForEncodings = 0;
			knownRegions = (
				en,
				Base,
			);
			mainGroup = E85AFD612A133D5C0025ABBD;
			productRefGroup = E85AFD6B2A133D5C0025ABBD /* Products */;
			projectDirPath = "";
			projectRoot = "";
			targets = (
				E85AFD692A133D5C0025ABBD /* News-SwiftUI */,
				E85AFD792A133D5D0025ABBD /* News-SwiftUITests */,
				E85AFD832A133D5D0025ABBD /* News-SwiftUIUITests */,
			);
		};
/* End PBXProject section */

/* Begin PBXResourcesBuildPhase section */
		E85AFD682A133D5C0025ABBD /* Resources */ = {
			isa = PBXResourcesBuildPhase;
			buildActionMask = 2147483647;
			files = (
				E85AFD752A133D5D0025ABBD /* Preview Assets.xcassets in Resources */,
				E85AFD722A133D5D0025ABBD /* Assets.xcassets in Resources */,
			);
			runOnlyForDeploymentPostprocessing = 0;
		};
		E85AFD782A133D5D0025ABBD /* Resources */ = {
			isa = PBXResourcesBuildPhase;
			buildActionMask = 2147483647;
			files = (
			);
			runOnlyForDeploymentPostprocessing = 0;
		};
		E85AFD822A133D5D0025ABBD /* Resources */ = {
			isa = PBXResourcesBuildPhase;
			buildActionMask = 2147483647;
			files = (
			);
			runOnlyForDeploymentPostprocessing = 0;
		};
/* End PBXResourcesBuildPhase section */

/* Begin PBXSourcesBuildPhase section */
		E85AFD662A133D5C0025ABBD /* Sources */ = {
			isa = PBXSourcesBuildPhase;
			buildActionMask = 2147483647;
			files = (
				E85AFD6E2A133D5C0025ABBD /* News_SwiftUIApp.swift in Sources */,
				E8A6B2A52A1603DA00F226CF /* FetchNewsUseCase.swift in Sources */,
				E898FABB2A172F04006AF0C5 /* NewsDataRepository.swift in Sources */,
				E898FAC22A176BB2006AF0C5 /* News.swift in Sources */,
				E898FAB32A17155A006AF0C5 /* URLSession.swift in Sources */,
				E898FAC02A176917006AF0C5 /* FetchNewsInteractor.swift in Sources */,
				E815008E2A14DF2500D18B1E /* HomeScreen.swift in Sources */,
				E8A6B2A32A15DE0800F226CF /* HomeViewModel.swift in Sources */,
				E898FAB92A171803006AF0C5 /* APIError.swift in Sources */,
				E815008A2A14DA5B00D18B1E /* DataUtils.swift in Sources */,
				E898FAB52A17164E006AF0C5 /* NetworkUtils.swift in Sources */,
				E815007E2A14D48B00D18B1E /* Article.swift in Sources */,
				E815008C2A14DE0D00D18B1E /* ReadingScreen.swift in Sources */,
				E81500882A14D9F400D18B1E /* ArticleRow.swift in Sources */,
				E8A6B2A72A16061400F226CF /* NewsRepository.swift in Sources */,
			);
			runOnlyForDeploymentPostprocessing = 0;
		};
		E85AFD762A133D5D0025ABBD /* Sources */ = {
			isa = PBXSourcesBuildPhase;
			buildActionMask = 2147483647;
			files = (
				E85AFD7F2A133D5D0025ABBD /* News_SwiftUITests.swift in Sources */,
			);
			runOnlyForDeploymentPostprocessing = 0;
		};
		E85AFD802A133D5D0025ABBD /* Sources */ = {
			isa = PBXSourcesBuildPhase;
			buildActionMask = 2147483647;
			files = (
				E85AFD892A133D5D0025ABBD /* News_SwiftUIUITests.swift in Sources */,
				E85AFD8B2A133D5D0025ABBD /* News_SwiftUIUITestsLaunchTests.swift in Sources */,
			);
			runOnlyForDeploymentPostprocessing = 0;
		};
/* End PBXSourcesBuildPhase section */

/* Begin PBXTargetDependency section */
		E85AFD7C2A133D5D0025ABBD /* PBXTargetDependency */ = {
			isa = PBXTargetDependency;
			target = E85AFD692A133D5C0025ABBD /* News-SwiftUI */;
			targetProxy = E85AFD7B2A133D5D0025ABBD /* PBXContainerItemProxy */;
		};
		E85AFD862A133D5D0025ABBD /* PBXTargetDependency */ = {
			isa = PBXTargetDependency;
			target = E85AFD692A133D5C0025ABBD /* News-SwiftUI */;
			targetProxy = E85AFD852A133D5D0025ABBD /* PBXContainerItemProxy */;
		};
/* End PBXTargetDependency section */

/* Begin XCBuildConfiguration section */
		E85AFD8C2A133D5D0025ABBD /* Debug */ = {
			isa = XCBuildConfiguration;
			buildSettings = {
				ALWAYS_SEARCH_USER_PATHS = NO;
				CLANG_ANALYZER_NONNULL = YES;
				CLANG_ANALYZER_NUMBER_OBJECT_CONVERSION = YES_AGGRESSIVE;
				CLANG_CXX_LANGUAGE_STANDARD = "gnu++20";
				CLANG_ENABLE_MODULES = YES;
				CLANG_ENABLE_OBJC_ARC = YES;
				CLANG_ENABLE_OBJC_WEAK = YES;
				CLANG_WARN_BLOCK_CAPTURE_AUTORELEASING = YES;
				CLANG_WARN_BOOL_CONVERSION = YES;
				CLANG_WARN_COMMA = YES;
				CLANG_WARN_CONSTANT_CONVERSION = YES;
				CLANG_WARN_DEPRECATED_OBJC_IMPLEMENTATIONS = YES;
				CLANG_WARN_DIRECT_OBJC_ISA_USAGE = YES_ERROR;
				CLANG_WARN_DOCUMENTATION_COMMENTS = YES;
				CLANG_WARN_EMPTY_BODY = YES;
				CLANG_WARN_ENUM_CONVERSION = YES;
				CLANG_WARN_INFINITE_RECURSION = YES;
				CLANG_WARN_INT_CONVERSION = YES;
				CLANG_WARN_NON_LITERAL_NULL_CONVERSION = YES;
				CLANG_WARN_OBJC_IMPLICIT_RETAIN_SELF = YES;
				CLANG_WARN_OBJC_LITERAL_CONVERSION = YES;
				CLANG_WARN_OBJC_ROOT_CLASS = YES_ERROR;
				CLANG_WARN_QUOTED_INCLUDE_IN_FRAMEWORK_HEADER = YES;
				CLANG_WARN_RANGE_LOOP_ANALYSIS = YES;
				CLANG_WARN_STRICT_PROTOTYPES = YES;
				CLANG_WARN_SUSPICIOUS_MOVE = YES;
				CLANG_WARN_UNGUARDED_AVAILABILITY = YES_AGGRESSIVE;
				CLANG_WARN_UNREACHABLE_CODE = YES;
				CLANG_WARN__DUPLICATE_METHOD_MATCH = YES;
				COPY_PHASE_STRIP = NO;
				DEBUG_INFORMATION_FORMAT = dwarf;
				ENABLE_STRICT_OBJC_MSGSEND = YES;
				ENABLE_TESTABILITY = YES;
				GCC_C_LANGUAGE_STANDARD = gnu11;
				GCC_DYNAMIC_NO_PIC = NO;
				GCC_NO_COMMON_BLOCKS = YES;
				GCC_OPTIMIZATION_LEVEL = 0;
				GCC_PREPROCESSOR_DEFINITIONS = (
					"DEBUG=1",
					"$(inherited)",
				);
				GCC_WARN_64_TO_32_BIT_CONVERSION = YES;
				GCC_WARN_ABOUT_RETURN_TYPE = YES_ERROR;
				GCC_WARN_UNDECLARED_SELECTOR = YES;
				GCC_WARN_UNINITIALIZED_AUTOS = YES_AGGRESSIVE;
				GCC_WARN_UNUSED_FUNCTION = YES;
				GCC_WARN_UNUSED_VARIABLE = YES;
				IPHONEOS_DEPLOYMENT_TARGET = 16.4;
				MTL_ENABLE_DEBUG_INFO = INCLUDE_SOURCE;
				MTL_FAST_MATH = YES;
				ONLY_ACTIVE_ARCH = YES;
				SDKROOT = iphoneos;
				SWIFT_ACTIVE_COMPILATION_CONDITIONS = DEBUG;
				SWIFT_OPTIMIZATION_LEVEL = "-Onone";
			};
			name = Debug;
		};
		E85AFD8D2A133D5D0025ABBD /* Release */ = {
			isa = XCBuildConfiguration;
			buildSettings = {
				ALWAYS_SEARCH_USER_PATHS = NO;
				CLANG_ANALYZER_NONNULL = YES;
				CLANG_ANALYZER_NUMBER_OBJECT_CONVERSION = YES_AGGRESSIVE;
				CLANG_CXX_LANGUAGE_STANDARD = "gnu++20";
				CLANG_ENABLE_MODULES = YES;
				CLANG_ENABLE_OBJC_ARC = YES;
				CLANG_ENABLE_OBJC_WEAK = YES;
				CLANG_WARN_BLOCK_CAPTURE_AUTORELEASING = YES;
				CLANG_WARN_BOOL_CONVERSION = YES;
				CLANG_WARN_COMMA = YES;
				CLANG_WARN_CONSTANT_CONVERSION = YES;
				CLANG_WARN_DEPRECATED_OBJC_IMPLEMENTATIONS = YES;
				CLANG_WARN_DIRECT_OBJC_ISA_USAGE = YES_ERROR;
				CLANG_WARN_DOCUMENTATION_COMMENTS = YES;
				CLANG_WARN_EMPTY_BODY = YES;
				CLANG_WARN_ENUM_CONVERSION = YES;
				CLANG_WARN_INFINITE_RECURSION = YES;
				CLANG_WARN_INT_CONVERSION = YES;
				CLANG_WARN_NON_LITERAL_NULL_CONVERSION = YES;
				CLANG_WARN_OBJC_IMPLICIT_RETAIN_SELF = YES;
				CLANG_WARN_OBJC_LITERAL_CONVERSION = YES;
				CLANG_WARN_OBJC_ROOT_CLASS = YES_ERROR;
				CLANG_WARN_QUOTED_INCLUDE_IN_FRAMEWORK_HEADER = YES;
				CLANG_WARN_RANGE_LOOP_ANALYSIS = YES;
				CLANG_WARN_STRICT_PROTOTYPES = YES;
				CLANG_WARN_SUSPICIOUS_MOVE = YES;
				CLANG_WARN_UNGUARDED_AVAILABILITY = YES_AGGRESSIVE;
				CLANG_WARN_UNREACHABLE_CODE = YES;
				CLANG_WARN__DUPLICATE_METHOD_MATCH = YES;
				COPY_PHASE_STRIP = NO;
				DEBUG_INFORMATION_FORMAT = "dwarf-with-dsym";
				ENABLE_NS_ASSERTIONS = NO;
				ENABLE_STRICT_OBJC_MSGSEND = YES;
				GCC_C_LANGUAGE_STANDARD = gnu11;
				GCC_NO_COMMON_BLOCKS = YES;
				GCC_WARN_64_TO_32_BIT_CONVERSION = YES;
				GCC_WARN_ABOUT_RETURN_TYPE = YES_ERROR;
				GCC_WARN_UNDECLARED_SELECTOR = YES;
				GCC_WARN_UNINITIALIZED_AUTOS = YES_AGGRESSIVE;
				GCC_WARN_UNUSED_FUNCTION = YES;
				GCC_WARN_UNUSED_VARIABLE = YES;
				IPHONEOS_DEPLOYMENT_TARGET = 16.4;
				MTL_ENABLE_DEBUG_INFO = NO;
				MTL_FAST_MATH = YES;
				SDKROOT = iphoneos;
				SWIFT_COMPILATION_MODE = wholemodule;
				SWIFT_OPTIMIZATION_LEVEL = "-O";
				VALIDATE_PRODUCT = YES;
			};
			name = Release;
		};
		E85AFD8F2A133D5D0025ABBD /* Debug */ = {
			isa = XCBuildConfiguration;
			buildSettings = {
				ASSETCATALOG_COMPILER_APPICON_NAME = AppIcon;
				ASSETCATALOG_COMPILER_GLOBAL_ACCENT_COLOR_NAME = AccentColor;
				CODE_SIGN_STYLE = Automatic;
				CURRENT_PROJECT_VERSION = 1;
				DEVELOPMENT_ASSET_PATHS = "\"News-SwiftUI/Preview Content\"";
				ENABLE_PREVIEWS = YES;
				GENERATE_INFOPLIST_FILE = YES;
				INFOPLIST_KEY_CFBundleDisplayName = "News \U0010Sample";
				INFOPLIST_KEY_LSApplicationCategoryType = "public.app-category.news";
				INFOPLIST_KEY_UIApplicationSceneManifest_Generation = YES;
				INFOPLIST_KEY_UIApplicationSupportsIndirectInputEvents = YES;
				INFOPLIST_KEY_UILaunchScreen_Generation = YES;
				INFOPLIST_KEY_UISupportedInterfaceOrientations_iPad = "UIInterfaceOrientationPortrait UIInterfaceOrientationPortraitUpsideDown UIInterfaceOrientationLandscapeLeft UIInterfaceOrientationLandscapeRight";
				INFOPLIST_KEY_UISupportedInterfaceOrientations_iPhone = "UIInterfaceOrientationPortrait UIInterfaceOrientationLandscapeLeft UIInterfaceOrientationLandscapeRight";
				IPHONEOS_DEPLOYMENT_TARGET = 15.0;
				LD_RUNPATH_SEARCH_PATHS = (
					"$(inherited)",
					"@executable_path/Frameworks",
				);
				MARKETING_VERSION = 1.0;
				PRODUCT_BUNDLE_IDENTIFIER = "com.longlv.News-SwiftUI";
				PRODUCT_NAME = "$(TARGET_NAME)";
				SUPPORTED_PLATFORMS = "iphoneos iphonesimulator";
				SUPPORTS_MACCATALYST = NO;
				SUPPORTS_MAC_DESIGNED_FOR_IPHONE_IPAD = NO;
				SWIFT_EMIT_LOC_STRINGS = YES;
				SWIFT_VERSION = 5.0;
				TARGETED_DEVICE_FAMILY = 1;
			};
			name = Debug;
		};
		E85AFD902A133D5D0025ABBD /* Release */ = {
			isa = XCBuildConfiguration;
			buildSettings = {
				ASSETCATALOG_COMPILER_APPICON_NAME = AppIcon;
				ASSETCATALOG_COMPILER_GLOBAL_ACCENT_COLOR_NAME = AccentColor;
				CODE_SIGN_STYLE = Automatic;
				CURRENT_PROJECT_VERSION = 1;
				DEVELOPMENT_ASSET_PATHS = "\"News-SwiftUI/Preview Content\"";
				ENABLE_PREVIEWS = YES;
				GENERATE_INFOPLIST_FILE = YES;
				INFOPLIST_KEY_CFBundleDisplayName = "News \U0010Sample";
				INFOPLIST_KEY_LSApplicationCategoryType = "public.app-category.news";
				INFOPLIST_KEY_UIApplicationSceneManifest_Generation = YES;
				INFOPLIST_KEY_UIApplicationSupportsIndirectInputEvents = YES;
				INFOPLIST_KEY_UILaunchScreen_Generation = YES;
				INFOPLIST_KEY_UISupportedInterfaceOrientations_iPad = "UIInterfaceOrientationPortrait UIInterfaceOrientationPortraitUpsideDown UIInterfaceOrientationLandscapeLeft UIInterfaceOrientationLandscapeRight";
				INFOPLIST_KEY_UISupportedInterfaceOrientations_iPhone = "UIInterfaceOrientationPortrait UIInterfaceOrientationLandscapeLeft UIInterfaceOrientationLandscapeRight";
				IPHONEOS_DEPLOYMENT_TARGET = 15.0;
				LD_RUNPATH_SEARCH_PATHS = (
					"$(inherited)",
					"@executable_path/Frameworks",
				);
				MARKETING_VERSION = 1.0;
				PRODUCT_BUNDLE_IDENTIFIER = "com.longlv.News-SwiftUI";
				PRODUCT_NAME = "$(TARGET_NAME)";
				SUPPORTED_PLATFORMS = "iphoneos iphonesimulator";
				SUPPORTS_MACCATALYST = NO;
				SUPPORTS_MAC_DESIGNED_FOR_IPHONE_IPAD = NO;
				SWIFT_EMIT_LOC_STRINGS = YES;
				SWIFT_VERSION = 5.0;
				TARGETED_DEVICE_FAMILY = 1;
			};
			name = Release;
		};
		E85AFD922A133D5D0025ABBD /* Debug */ = {
			isa = XCBuildConfiguration;
			buildSettings = {
				ALWAYS_EMBED_SWIFT_STANDARD_LIBRARIES = YES;
				BUNDLE_LOADER = "$(TEST_HOST)";
				CODE_SIGN_STYLE = Automatic;
				CURRENT_PROJECT_VERSION = 1;
				GENERATE_INFOPLIST_FILE = YES;
				IPHONEOS_DEPLOYMENT_TARGET = 16.4;
				MARKETING_VERSION = 1.0;
				PRODUCT_BUNDLE_IDENTIFIER = "com.longlv.News-SwiftUITests";
				PRODUCT_NAME = "$(TARGET_NAME)";
				SWIFT_EMIT_LOC_STRINGS = NO;
				SWIFT_VERSION = 5.0;
				TARGETED_DEVICE_FAMILY = "1,2";
				TEST_HOST = "$(BUILT_PRODUCTS_DIR)/News-SwiftUI.app/$(BUNDLE_EXECUTABLE_FOLDER_PATH)/News-SwiftUI";
			};
			name = Debug;
		};
		E85AFD932A133D5D0025ABBD /* Release */ = {
			isa = XCBuildConfiguration;
			buildSettings = {
				ALWAYS_EMBED_SWIFT_STANDARD_LIBRARIES = YES;
				BUNDLE_LOADER = "$(TEST_HOST)";
				CODE_SIGN_STYLE = Automatic;
				CURRENT_PROJECT_VERSION = 1;
				GENERATE_INFOPLIST_FILE = YES;
				IPHONEOS_DEPLOYMENT_TARGET = 16.4;
				MARKETING_VERSION = 1.0;
				PRODUCT_BUNDLE_IDENTIFIER = "com.longlv.News-SwiftUITests";
				PRODUCT_NAME = "$(TARGET_NAME)";
				SWIFT_EMIT_LOC_STRINGS = NO;
				SWIFT_VERSION = 5.0;
				TARGETED_DEVICE_FAMILY = "1,2";
				TEST_HOST = "$(BUILT_PRODUCTS_DIR)/News-SwiftUI.app/$(BUNDLE_EXECUTABLE_FOLDER_PATH)/News-SwiftUI";
			};
			name = Release;
		};
		E85AFD952A133D5D0025ABBD /* Debug */ = {
			isa = XCBuildConfiguration;
			buildSettings = {
				ALWAYS_EMBED_SWIFT_STANDARD_LIBRARIES = YES;
				CODE_SIGN_STYLE = Automatic;
				CURRENT_PROJECT_VERSION = 1;
				GENERATE_INFOPLIST_FILE = YES;
				MARKETING_VERSION = 1.0;
				PRODUCT_BUNDLE_IDENTIFIER = "com.longlv.News-SwiftUIUITests";
				PRODUCT_NAME = "$(TARGET_NAME)";
				SWIFT_EMIT_LOC_STRINGS = NO;
				SWIFT_VERSION = 5.0;
				TARGETED_DEVICE_FAMILY = "1,2";
				TEST_TARGET_NAME = "News-SwiftUI";
			};
			name = Debug;
		};
		E85AFD962A133D5D0025ABBD /* Release */ = {
			isa = XCBuildConfiguration;
			buildSettings = {
				ALWAYS_EMBED_SWIFT_STANDARD_LIBRARIES = YES;
				CODE_SIGN_STYLE = Automatic;
				CURRENT_PROJECT_VERSION = 1;
				GENERATE_INFOPLIST_FILE = YES;
				MARKETING_VERSION = 1.0;
				PRODUCT_BUNDLE_IDENTIFIER = "com.longlv.News-SwiftUIUITests";
				PRODUCT_NAME = "$(TARGET_NAME)";
				SWIFT_EMIT_LOC_STRINGS = NO;
				SWIFT_VERSION = 5.0;
				TARGETED_DEVICE_FAMILY = "1,2";
				TEST_TARGET_NAME = "News-SwiftUI";
			};
			name = Release;
		};
/* End XCBuildConfiguration section */

/* Begin XCConfigurationList section */
		E85AFD652A133D5C0025ABBD /* Build configuration list for PBXProject "News-SwiftUI" */ = {
			isa = XCConfigurationList;
			buildConfigurations = (
				E85AFD8C2A133D5D0025ABBD /* Debug */,
				E85AFD8D2A133D5D0025ABBD /* Release */,
			);
			defaultConfigurationIsVisible = 0;
			defaultConfigurationName = Release;
		};
		E85AFD8E2A133D5D0025ABBD /* Build configuration list for PBXNativeTarget "News-SwiftUI" */ = {
			isa = XCConfigurationList;
			buildConfigurations = (
				E85AFD8F2A133D5D0025ABBD /* Debug */,
				E85AFD902A133D5D0025ABBD /* Release */,
			);
			defaultConfigurationIsVisible = 0;
			defaultConfigurationName = Release;
		};
		E85AFD912A133D5D0025ABBD /* Build configuration list for PBXNativeTarget "News-SwiftUITests" */ = {
			isa = XCConfigurationList;
			buildConfigurations = (
				E85AFD922A133D5D0025ABBD /* Debug */,
				E85AFD932A133D5D0025ABBD /* Release */,
			);
			defaultConfigurationIsVisible = 0;
			defaultConfigurationName = Release;
		};
		E85AFD942A133D5D0025ABBD /* Build configuration list for PBXNativeTarget "News-SwiftUIUITests" */ = {
			isa = XCConfigurationList;
			buildConfigurations = (
				E85AFD952A133D5D0025ABBD /* Debug */,
				E85AFD962A133D5D0025ABBD /* Release */,
			);
			defaultConfigurationIsVisible = 0;
			defaultConfigurationName = Release;
		};
/* End XCConfigurationList section */
	};
	rootObject = E85AFD622A133D5C0025ABBD /* Project object */;
}
